// !$*UTF8*$!
{
	archiveVersion = 1;
	classes = {
	};
	objectVersion = 50;
	objects = {

/* Begin PBXBuildFile section */
		F15EB7E92140789200ECB735 /* AppDelegate.swift in Sources */ = {isa = PBXBuildFile; fileRef = F15EB7E82140789200ECB735 /* AppDelegate.swift */; };
		F15EB7EE2140789200ECB735 /* MasterViewController.swift in Sources */ = {isa = PBXBuildFile; fileRef = F15EB7ED2140789200ECB735 /* MasterViewController.swift */; };
		F15EB7F02140789200ECB735 /* DetailViewController.swift in Sources */ = {isa = PBXBuildFile; fileRef = F15EB7EF2140789200ECB735 /* DetailViewController.swift */; };
		F15EB7F32140789200ECB735 /* Main.storyboard in Resources */ = {isa = PBXBuildFile; fileRef = F15EB7F12140789200ECB735 /* Main.storyboard */; };
		F15EB7F52140789300ECB735 /* Assets.xcassets in Resources */ = {isa = PBXBuildFile; fileRef = F15EB7F42140789300ECB735 /* Assets.xcassets */; };
		F15EB7F82140789300ECB735 /* LaunchScreen.storyboard in Resources */ = {isa = PBXBuildFile; fileRef = F15EB7F62140789300ECB735 /* LaunchScreen.storyboard */; };
		F15EB8042140841C00ECB735 /* ToDo.xcdatamodeld in Sources */ = {isa = PBXBuildFile; fileRef = F15EB8022140841C00ECB735 /* ToDo.xcdatamodeld */; };
/* End PBXBuildFile section */

/* Begin PBXFileReference section */
		F15EB7E52140789200ECB735 /* Every.Do_it_Again.app */ = {isa = PBXFileReference; explicitFileType = wrapper.application; includeInIndex = 0; path = Every.Do_it_Again.app; sourceTree = BUILT_PRODUCTS_DIR; };
		F15EB7E82140789200ECB735 /* AppDelegate.swift */ = {isa = PBXFileReference; lastKnownFileType = sourcecode.swift; path = AppDelegate.swift; sourceTree = "<group>"; };
		F15EB7ED2140789200ECB735 /* MasterViewController.swift */ = {isa = PBXFileReference; lastKnownFileType = sourcecode.swift; path = MasterViewController.swift; sourceTree = "<group>"; };
		F15EB7EF2140789200ECB735 /* DetailViewController.swift */ = {isa = PBXFileReference; lastKnownFileType = sourcecode.swift; path = DetailViewController.swift; sourceTree = "<group>"; };
		F15EB7F22140789200ECB735 /* Base */ = {isa = PBXFileReference; lastKnownFileType = file.storyboard; name = Base; path = Base.lproj/Main.storyboard; sourceTree = "<group>"; };
		F15EB7F42140789300ECB735 /* Assets.xcassets */ = {isa = PBXFileReference; lastKnownFileType = folder.assetcatalog; path = Assets.xcassets; sourceTree = "<group>"; };
		F15EB7F72140789300ECB735 /* Base */ = {isa = PBXFileReference; lastKnownFileType = file.storyboard; name = Base; path = Base.lproj/LaunchScreen.storyboard; sourceTree = "<group>"; };
		F15EB7F92140789300ECB735 /* Info.plist */ = {isa = PBXFileReference; lastKnownFileType = text.plist.xml; path = Info.plist; sourceTree = "<group>"; };
		F15EB8032140841C00ECB735 /* ToDo.xcdatamodel */ = {isa = PBXFileReference; lastKnownFileType = wrapper.xcdatamodel; path = ToDo.xcdatamodel; sourceTree = "<group>"; };
/* End PBXFileReference section */

/* Begin PBXFrameworksBuildPhase section */
		F15EB7E22140789200ECB735 /* Frameworks */ = {
			isa = PBXFrameworksBuildPhase;
			buildActionMask = 2147483647;
			files = (
			);
			runOnlyForDeploymentPostprocessing = 0;
		};
/* End PBXFrameworksBuildPhase section */

/* Begin PBXGroup section */
		F15EB7DC2140789200ECB735 = {
			isa = PBXGroup;
			children = (
				F15EB7E72140789200ECB735 /* Every.Do_it_Again */,
				F15EB7E62140789200ECB735 /* Products */,
			);
			sourceTree = "<group>";
		};
		F15EB7E62140789200ECB735 /* Products */ = {
			isa = PBXGroup;
			children = (
				F15EB7E52140789200ECB735 /* Every.Do_it_Again.app */,
			);
			name = Products;
			sourceTree = "<group>";
		};
		F15EB7E72140789200ECB735 /* Every.Do_it_Again */ = {
			isa = PBXGroup;
			children = (
				F15EB7E82140789200ECB735 /* AppDelegate.swift */,
				F15EB7ED2140789200ECB735 /* MasterViewController.swift */,
				F15EB7EF2140789200ECB735 /* DetailViewController.swift */,
				F15EB7F12140789200ECB735 /* Main.storyboard */,
				F15EB7F42140789300ECB735 /* Assets.xcassets */,
				F15EB7F62140789300ECB735 /* LaunchScreen.storyboard */,
				F15EB7F92140789300ECB735 /* Info.plist */,
				F15EB8022140841C00ECB735 /* ToDo.xcdatamodeld */,
			);
			path = Every.Do_it_Again;
			sourceTree = "<group>";
		};
/* End PBXGroup section */

/* Begin PBXNativeTarget section */
		F15EB7E42140789200ECB735 /* Every.Do_it_Again */ = {
			isa = PBXNativeTarget;
			buildConfigurationList = F15EB7FC2140789300ECB735 /* Build configuration list for PBXNativeTarget "Every.Do_it_Again" */;
			buildPhases = (
				F15EB7E12140789200ECB735 /* Sources */,
				F15EB7E22140789200ECB735 /* Frameworks */,
				F15EB7E32140789200ECB735 /* Resources */,
			);
			buildRules = (
			);
			dependencies = (
			);
			name = Every.Do_it_Again;
			productName = Every.Do_it_Again;
			productReference = F15EB7E52140789200ECB735 /* Every.Do_it_Again.app */;
			productType = "com.apple.product-type.application";
		};
/* End PBXNativeTarget section */

/* Begin PBXProject section */
		F15EB7DD2140789200ECB735 /* Project object */ = {
			isa = PBXProject;
			attributes = {
				LastSwiftUpdateCheck = 0940;
				LastUpgradeCheck = 0940;
				ORGANIZATIONNAME = "Nathan Wainwright";
				TargetAttributes = {
					F15EB7E42140789200ECB735 = {
						CreatedOnToolsVersion = 9.4.1;
					};
				};
			};
			buildConfigurationList = F15EB7E02140789200ECB735 /* Build configuration list for PBXProject "Every.Do_it_Again" */;
			compatibilityVersion = "Xcode 9.3";
			developmentRegion = en;
			hasScannedForEncodings = 0;
			knownRegions = (
				en,
				Base,
			);
			mainGroup = F15EB7DC2140789200ECB735;
			productRefGroup = F15EB7E62140789200ECB735 /* Products */;
			projectDirPath = "";
			projectRoot = "";
			targets = (
				F15EB7E42140789200ECB735 /* Every.Do_it_Again */,
			);
		};
/* End PBXProject section */

/* Begin PBXResourcesBuildPhase section */
		F15EB7E32140789200ECB735 /* Resources */ = {
			isa = PBXResourcesBuildPhase;
			buildActionMask = 2147483647;
			files = (
				F15EB7F82140789300ECB735 /* LaunchScreen.storyboard in Resources */,
				F15EB7F52140789300ECB735 /* Assets.xcassets in Resources */,
				F15EB7F32140789200ECB735 /* Main.storyboard in Resources */,
			);
			runOnlyForDeploymentPostprocessing = 0;
		};
/* End PBXResourcesBuildPhase section */

/* Begin PBXSourcesBuildPhase section */
		F15EB7E12140789200ECB735 /* Sources */ = {
			isa = PBXSourcesBuildPhase;
			buildActionMask = 2147483647;
			files = (
				F15EB8042140841C00ECB735 /* ToDo.xcdatamodeld in Sources */,
				F15EB7E92140789200ECB735 /* AppDelegate.swift in Sources */,
				F15EB7EE2140789200ECB735 /* MasterViewController.swift in Sources */,
				F15EB7F02140789200ECB735 /* DetailViewController.swift in Sources */,
			);
			runOnlyForDeploymentPostprocessing = 0;
		};
/* End PBXSourcesBuildPhase section */

/* Begin PBXVariantGroup section */
		F15EB7F12140789200ECB735 /* Main.storyboard */ = {
			isa = PBXVariantGroup;
			children = (
				F15EB7F22140789200ECB735 /* Base */,
			);
			name = Main.storyboard;
			sourceTree = "<group>";
		};
		F15EB7F62140789300ECB735 /* LaunchScreen.storyboard */ = {
			isa = PBXVariantGroup;
			children = (
				F15EB7F72140789300ECB735 /* Base */,
			);
			name = LaunchScreen.storyboard;
			sourceTree = "<group>";
		};
/* End PBXVariantGroup section */

/* Begin XCBuildConfiguration section */
		F15EB7FA2140789300ECB735 /* Debug */ = {
			isa = XCBuildConfiguration;
			buildSettings = {
				ALWAYS_SEARCH_USER_PATHS = NO;
				CLANG_ANALYZER_NONNULL = YES;
				CLANG_ANALYZER_NUMBER_OBJECT_CONVERSION = YES_AGGRESSIVE;
				CLANG_CXX_LANGUAGE_STANDARD = "gnu++14";
				CLANG_CXX_LIBRARY = "libc++";
				CLANG_ENABLE_MODULES = YES;
				CLANG_ENABLE_OBJC_ARC = YES;
				CLANG_ENABLE_OBJC_WEAK = YES;
				CLANG_WARN_BLOCK_CAPTURE_AUTORELEASING = YES;
				CLANG_WARN_BOOL_CONVERSION = YES;
				CLANG_WARN_COMMA = YES;
				CLANG_WARN_CONSTANT_CONVERSION = YES;
				CLANG_WARN_DEPRECATED_OBJC_IMPLEMENTATIONS = YES;
				CLANG_WARN_DIRECT_OBJC_ISA_USAGE = YES_ERROR;
				CLANG_WARN_DOCUMENTATION_COMMENTS = YES;
				CLANG_WARN_EMPTY_BODY = YES;
				CLANG_WARN_ENUM_CONVERSION = YES;
				CLANG_WARN_INFINITE_RECURSION = YES;
				CLANG_WARN_INT_CONVERSION = YES;
				CLANG_WARN_NON_LITERAL_NULL_CONVERSION = YES;
				CLANG_WARN_OBJC_IMPLICIT_RETAIN_SELF = YES;
				CLANG_WARN_OBJC_LITERAL_CONVERSION = YES;
				CLANG_WARN_OBJC_ROOT_CLASS = YES_ERROR;
				CLANG_WARN_RANGE_LOOP_ANALYSIS = YES;
				CLANG_WARN_STRICT_PROTOTYPES = YES;
				CLANG_WARN_SUSPICIOUS_MOVE = YES;
				CLANG_WARN_UNGUARDED_AVAILABILITY = YES_AGGRESSIVE;
				CLANG_WARN_UNREACHABLE_CODE = YES;
				CLANG_WARN__DUPLICATE_METHOD_MATCH = YES;
				CODE_SIGN_IDENTITY = "iPhone Developer";
				COPY_PHASE_STRIP = NO;
				DEBUG_INFORMATION_FORMAT = dwarf;
				ENABLE_STRICT_OBJC_MSGSEND = YES;
				ENABLE_TESTABILITY = YES;
				GCC_C_LANGUAGE_STANDARD = gnu11;
				GCC_DYNAMIC_NO_PIC = NO;
				GCC_NO_COMMON_BLOCKS = YES;
				GCC_OPTIMIZATION_LEVEL = 0;
				GCC_PREPROCESSOR_DEFINITIONS = (
					"DEBUG=1",
					"$(inherited)",
				);
				GCC_WARN_64_TO_32_BIT_CONVERSION = YES;
				GCC_WARN_ABOUT_RETURN_TYPE = YES_ERROR;
				GCC_WARN_UNDECLARED_SELECTOR = YES;
				GCC_WARN_UNINITIALIZED_AUTOS = YES_AGGRESSIVE;
				GCC_WARN_UNUSED_FUNCTION = YES;
				GCC_WARN_UNUSED_VARIABLE = YES;
				IPHONEOS_DEPLOYMENT_TARGET = 11.4;
				MTL_ENABLE_DEBUG_INFO = YES;
				ONLY_ACTIVE_ARCH = YES;
				SDKROOT = iphoneos;
				SWIFT_ACTIVE_COMPILATION_CONDITIONS = DEBUG;
				SWIFT_OPTIMIZATION_LEVEL = "-Onone";
			};
			name = Debug;
		};
		F15EB7FB2140789300ECB735 /* Release */ = {
			isa = XCBuildConfiguration;
			buildSettings = {
				ALWAYS_SEARCH_USER_PATHS = NO;
				CLANG_ANALYZER_NONNULL = YES;
				CLANG_ANALYZER_NUMBER_OBJECT_CONVERSION = YES_AGGRESSIVE;
				CLANG_CXX_LANGUAGE_STANDARD = "gnu++14";
				CLANG_CXX_LIBRARY = "libc++";
				CLANG_ENABLE_MODULES = YES;
				CLANG_ENABLE_OBJC_ARC = YES;
				CLANG_ENABLE_OBJC_WEAK = YES;
				CLANG_WARN_BLOCK_CAPTURE_AUTORELEASING = YES;
				CLANG_WARN_BOOL_CONVERSION = YES;
				CLANG_WARN_COMMA = YES;
				CLANG_WARN_CONSTANT_CONVERSION = YES;
				CLANG_WARN_DEPRECATED_OBJC_IMPLEMENTATIONS = YES;
				CLANG_WARN_DIRECT_OBJC_ISA_USAGE = YES_ERROR;
				CLANG_WARN_DOCUMENTATION_COMMENTS = YES;
				CLANG_WARN_EMPTY_BODY = YES;
				CLANG_WARN_ENUM_CONVERSION = YES;
				CLANG_WARN_INFINITE_RECURSION = YES;
				CLANG_WARN_INT_CONVERSION = YES;
				CLANG_WARN_NON_LITERAL_NULL_CONVERSION = YES;
				CLANG_WARN_OBJC_IMPLICIT_RETAIN_SELF = YES;
				CLANG_WARN_OBJC_LITERAL_CONVERSION = YES;
				CLANG_WARN_OBJC_ROOT_CLASS = YES_ERROR;
				CLANG_WARN_RANGE_LOOP_ANALYSIS = YES;
				CLANG_WARN_STRICT_PROTOTYPES = YES;
				CLANG_WARN_SUSPICIOUS_MOVE = YES;
				CLANG_WARN_UNGUARDED_AVAILABILITY = YES_AGGRESSIVE;
				CLANG_WARN_UNREACHABLE_CODE = YES;
				CLANG_WARN__DUPLICATE_METHOD_MATCH = YES;
				CODE_SIGN_IDENTITY = "iPhone Developer";
				COPY_PHASE_STRIP = NO;
				DEBUG_INFORMATION_FORMAT = "dwarf-with-dsym";
				ENABLE_NS_ASSERTIONS = NO;
				ENABLE_STRICT_OBJC_MSGSEND = YES;
				GCC_C_LANGUAGE_STANDARD = gnu11;
				GCC_NO_COMMON_BLOCKS = YES;
				GCC_WARN_64_TO_32_BIT_CONVERSION = YES;
				GCC_WARN_ABOUT_RETURN_TYPE = YES_ERROR;
				GCC_WARN_UNDECLARED_SELECTOR = YES;
				GCC_WARN_UNINITIALIZED_AUTOS = YES_AGGRESSIVE;
				GCC_WARN_UNUSED_FUNCTION = YES;
				GCC_WARN_UNUSED_VARIABLE = YES;
				IPHONEOS_DEPLOYMENT_TARGET = 11.4;
				MTL_ENABLE_DEBUG_INFO = NO;
				SDKROOT = iphoneos;
				SWIFT_COMPILATION_MODE = wholemodule;
				SWIFT_OPTIMIZATION_LEVEL = "-O";
				VALIDATE_PRODUCT = YES;
			};
			name = Release;
		};
		F15EB7FD2140789300ECB735 /* Debug */ = {
			isa = XCBuildConfiguration;
			buildSettings = {
				ASSETCATALOG_COMPILER_APPICON_NAME = AppIcon;
				CODE_SIGN_STYLE = Automatic;
				DEVELOPMENT_TEAM = 2NZS2JX86Q;
				INFOPLIST_FILE = Every.Do_it_Again/Info.plist;
				LD_RUNPATH_SEARCH_PATHS = (
					"$(inherited)",
					"@executable_path/Frameworks",
				);
				PRODUCT_BUNDLE_IDENTIFIER = "ca.nathanwainwright.Every-Do-it-Again";
				PRODUCT_NAME = "$(TARGET_NAME)";
				SWIFT_VERSION = 4.0;
				TARGETED_DEVICE_FAMILY = "1,2";
			};
			name = Debug;
		};
		F15EB7FE2140789300ECB735 /* Release */ = {
			isa = XCBuildConfiguration;
			buildSettings = {
				ASSETCATALOG_COMPILER_APPICON_NAME = AppIcon;
				CODE_SIGN_STYLE = Automatic;
				DEVELOPMENT_TEAM = 2NZS2JX86Q;
				INFOPLIST_FILE = Every.Do_it_Again/Info.plist;
				LD_RUNPATH_SEARCH_PATHS = (
					"$(inherited)",
					"@executable_path/Frameworks",
				);
				PRODUCT_BUNDLE_IDENTIFIER = "ca.nathanwainwright.Every-Do-it-Again";
				PRODUCT_NAME = "$(TARGET_NAME)";
				SWIFT_VERSION = 4.0;
				TARGETED_DEVICE_FAMILY = "1,2";
			};
			name = Release;
		};
/* End XCBuildConfiguration section */

/* Begin XCConfigurationList section */
		F15EB7E02140789200ECB735 /* Build configuration list for PBXProject "Every.Do_it_Again" */ = {
			isa = XCConfigurationList;
			buildConfigurations = (
				F15EB7FA2140789300ECB735 /* Debug */,
				F15EB7FB2140789300ECB735 /* Release */,
			);
			defaultConfigurationIsVisible = 0;
			defaultConfigurationName = Release;
		};
		F15EB7FC2140789300ECB735 /* Build configuration list for PBXNativeTarget "Every.Do_it_Again" */ = {
			isa = XCConfigurationList;
			buildConfigurations = (
				F15EB7FD2140789300ECB735 /* Debug */,
				F15EB7FE2140789300ECB735 /* Release */,
			);
			defaultConfigurationIsVisible = 0;
			defaultConfigurationName = Release;
		};
/* End XCConfigurationList section */

/* Begin XCVersionGroup section */
		F15EB8022140841C00ECB735 /* ToDo.xcdatamodeld */ = {
			isa = XCVersionGroup;
			children = (
				F15EB8032140841C00ECB735 /* ToDo.xcdatamodel */,
			);
			currentVersion = F15EB8032140841C00ECB735 /* ToDo.xcdatamodel */;
			name = ToDo.xcdatamodeld;
			path = ../ToDo.xcdatamodeld;
			sourceTree = "<group>";
			versionGroupType = wrapper.xcdatamodel;
		};
/* End XCVersionGroup section */
	};
	rootObject = F15EB7DD2140789200ECB735 /* Project object */;
}
